
Microsoft Visual Studio Solution File, Format Version 12.00
# Visual Studio Version 16
VisualStudioVersion = 16.0.30413.136
MinimumVisualStudioVersion = 10.0.40219.1
Project("{9A19103F-16F7-4668-BE54-9A1E7A4F7556}") = "TeamManagement.Web.Server", "TeamManagement.Web\Server\TeamManagement.Web.Server.csproj", "{75CAADE2-4EA0-4665-8760-617AC825B16C}"
	ProjectSection(ProjectDependencies) = postProject
		{63C28484-1E86-4368-80C7-40886CEDB278} = {63C28484-1E86-4368-80C7-40886CEDB278}
	EndProjectSection
EndProject
Project("{9A19103F-16F7-4668-BE54-9A1E7A4F7556}") = "TeamManagement.Web.Client", "TeamManagement.Web\Client\TeamManagement.Web.Client.csproj", "{63B6F38F-ADE3-49CE-BCE2-BD20C13E3C1D}"
	ProjectSection(ProjectDependencies) = postProject
		{63C28484-1E86-4368-80C7-40886CEDB278} = {63C28484-1E86-4368-80C7-40886CEDB278}
	EndProjectSection
EndProject
Project("{9A19103F-16F7-4668-BE54-9A1E7A4F7556}") = "TeamManagement.Web.Shared", "TeamManagement.Web\Shared\TeamManagement.Web.Shared.csproj", "{099A2D47-D326-455D-AEC5-77325AFB6A67}"
EndProject
Project("{FAE04EC0-301F-11D3-BF4B-00C04F79EFBC}") = "TeamManagement.Xam.Form.Android", "TeamManagement.Xam.Form\TeamManagement.Xam.Form.Android\TeamManagement.Xam.Form.Android.csproj", "{33F00D92-1BB2-4381-8EB8-EDE2635678A7}"
EndProject
Project("{FAE04EC0-301F-11D3-BF4B-00C04F79EFBC}") = "TeamManagement.Xam.Form.iOS", "TeamManagement.Xam.Form\TeamManagement.Xam.Form.iOS\TeamManagement.Xam.Form.iOS.csproj", "{99091963-61F4-48CA-A7E9-1E27FEC5424E}"
EndProject
Project("{9A19103F-16F7-4668-BE54-9A1E7A4F7556}") = "TeamManagement.Xam.Form", "TeamManagement.Xam.Form\TeamManagement.Xam.Form\TeamManagement.Xam.Form.csproj", "{14127817-F6E0-4FD1-AA8F-84E8E12AB34F}"
	ProjectSection(ProjectDependencies) = postProject
		{63C28484-1E86-4368-80C7-40886CEDB278} = {63C28484-1E86-4368-80C7-40886CEDB278}
	EndProjectSection
EndProject
Project("{FAE04EC0-301F-11D3-BF4B-00C04F79EFBC}") = "TeamManagement.Models", "TeamManagement.Models\TeamManagement.Models.csproj", "{63C28484-1E86-4368-80C7-40886CEDB278}"
EndProject
Global
	GlobalSection(SolutionConfigurationPlatforms) = preSolution
		Debug|Any CPU = Debug|Any CPU
		Debug|iPhone = Debug|iPhone
		Debug|iPhoneSimulator = Debug|iPhoneSimulator
		Release|Any CPU = Release|Any CPU
		Release|iPhone = Release|iPhone
		Release|iPhoneSimulator = Release|iPhoneSimulator
	EndGlobalSection
	GlobalSection(ProjectConfigurationPlatforms) = postSolution
		{75CAADE2-4EA0-4665-8760-617AC825B16C}.Debug|Any CPU.ActiveCfg = Debug|Any CPU
		{75CAADE2-4EA0-4665-8760-617AC825B16C}.Debug|Any CPU.Build.0 = Debug|Any CPU
		{75CAADE2-4EA0-4665-8760-617AC825B16C}.Debug|iPhone.ActiveCfg = Debug|Any CPU
		{75CAADE2-4EA0-4665-8760-617AC825B16C}.Debug|iPhone.Build.0 = Debug|Any CPU
		{75CAADE2-4EA0-4665-8760-617AC825B16C}.Debug|iPhoneSimulator.ActiveCfg = Debug|Any CPU
		{75CAADE2-4EA0-4665-8760-617AC825B16C}.Debug|iPhoneSimulator.Build.0 = Debug|Any CPU
		{75CAADE2-4EA0-4665-8760-617AC825B16C}.Release|Any CPU.ActiveCfg = Release|Any CPU
		{75CAADE2-4EA0-4665-8760-617AC825B16C}.Release|Any CPU.Build.0 = Release|Any CPU
		{75CAADE2-4EA0-4665-8760-617AC825B16C}.Release|iPhone.ActiveCfg = Release|Any CPU
		{75CAADE2-4EA0-4665-8760-617AC825B16C}.Release|iPhone.Build.0 = Release|Any CPU
		{75CAADE2-4EA0-4665-8760-617AC825B16C}.Release|iPhoneSimulator.ActiveCfg = Release|Any CPU
		{75CAADE2-4EA0-4665-8760-617AC825B16C}.Release|iPhoneSimulator.Build.0 = Release|Any CPU
		{63B6F38F-ADE3-49CE-BCE2-BD20C13E3C1D}.Debug|Any CPU.ActiveCfg = Debug|Any CPU
		{63B6F38F-ADE3-49CE-BCE2-BD20C13E3C1D}.Debug|Any CPU.Build.0 = Debug|Any CPU
		{63B6F38F-ADE3-49CE-BCE2-BD20C13E3C1D}.Debug|iPhone.ActiveCfg = Debug|Any CPU
		{63B6F38F-ADE3-49CE-BCE2-BD20C13E3C1D}.Debug|iPhone.Build.0 = Debug|Any CPU
		{63B6F38F-ADE3-49CE-BCE2-BD20C13E3C1D}.Debug|iPhoneSimulator.ActiveCfg = Debug|Any CPU
		{63B6F38F-ADE3-49CE-BCE2-BD20C13E3C1D}.Debug|iPhoneSimulator.Build.0 = Debug|Any CPU
		{63B6F38F-ADE3-49CE-BCE2-BD20C13E3C1D}.Release|Any CPU.ActiveCfg = Release|Any CPU
		{63B6F38F-ADE3-49CE-BCE2-BD20C13E3C1D}.Release|Any CPU.Build.0 = Release|Any CPU
		{63B6F38F-ADE3-49CE-BCE2-BD20C13E3C1D}.Release|iPhone.ActiveCfg = Release|Any CPU
		{63B6F38F-ADE3-49CE-BCE2-BD20C13E3C1D}.Release|iPhone.Build.0 = Release|Any CPU
		{63B6F38F-ADE3-49CE-BCE2-BD20C13E3C1D}.Release|iPhoneSimulator.ActiveCfg = Release|Any CPU
		{63B6F38F-ADE3-49CE-BCE2-BD20C13E3C1D}.Release|iPhoneSimulator.Build.0 = Release|Any CPU
		{099A2D47-D326-455D-AEC5-77325AFB6A67}.Debug|Any CPU.ActiveCfg = Debug|Any CPU
		{099A2D47-D326-455D-AEC5-77325AFB6A67}.Debug|Any CPU.Build.0 = Debug|Any CPU
		{099A2D47-D326-455D-AEC5-77325AFB6A67}.Debug|iPhone.ActiveCfg = Debug|Any CPU
		{099A2D47-D326-455D-AEC5-77325AFB6A67}.Debug|iPhone.Build.0 = Debug|Any CPU
		{099A2D47-D326-455D-AEC5-77325AFB6A67}.Debug|iPhoneSimulator.ActiveCfg = Debug|Any CPU
		{099A2D47-D326-455D-AEC5-77325AFB6A67}.Debug|iPhoneSimulator.Build.0 = Debug|Any CPU
		{099A2D47-D326-455D-AEC5-77325AFB6A67}.Release|Any CPU.ActiveCfg = Release|Any CPU
		{099A2D47-D326-455D-AEC5-77325AFB6A67}.Release|Any CPU.Build.0 = Release|Any CPU
		{099A2D47-D326-455D-AEC5-77325AFB6A67}.Release|iPhone.ActiveCfg = Release|Any CPU
		{099A2D47-D326-455D-AEC5-77325AFB6A67}.Release|iPhone.Build.0 = Release|Any CPU
		{099A2D47-D326-455D-AEC5-77325AFB6A67}.Release|iPhoneSimulator.ActiveCfg = Release|Any CPU
		{099A2D47-D326-455D-AEC5-77325AFB6A67}.Release|iPhoneSimulator.Build.0 = Release|Any CPU
		{33F00D92-1BB2-4381-8EB8-EDE2635678A7}.Debug|Any CPU.ActiveCfg = Debug|Any CPU
		{33F00D92-1BB2-4381-8EB8-EDE2635678A7}.Debug|Any CPU.Build.0 = Debug|Any CPU
		{33F00D92-1BB2-4381-8EB8-EDE2635678A7}.Debug|Any CPU.Deploy.0 = Debug|Any CPU
		{33F00D92-1BB2-4381-8EB8-EDE2635678A7}.Debug|iPhone.ActiveCfg = Debug|Any CPU
		{33F00D92-1BB2-4381-8EB8-EDE2635678A7}.Debug|iPhone.Build.0 = Debug|Any CPU
		{33F00D92-1BB2-4381-8EB8-EDE2635678A7}.Debug|iPhone.Deploy.0 = Debug|Any CPU
		{33F00D92-1BB2-4381-8EB8-EDE2635678A7}.Debug|iPhoneSimulator.ActiveCfg = Debug|Any CPU
		{33F00D92-1BB2-4381-8EB8-EDE2635678A7}.Debug|iPhoneSimulator.Build.0 = Debug|Any CPU
		{33F00D92-1BB2-4381-8EB8-EDE2635678A7}.Debug|iPhoneSimulator.Deploy.0 = Debug|Any CPU
		{33F00D92-1BB2-4381-8EB8-EDE2635678A7}.Release|Any CPU.ActiveCfg = Release|Any CPU
		{33F00D92-1BB2-4381-8EB8-EDE2635678A7}.Release|Any CPU.Build.0 = Release|Any CPU
		{33F00D92-1BB2-4381-8EB8-EDE2635678A7}.Release|Any CPU.Deploy.0 = Release|Any CPU
		{33F00D92-1BB2-4381-8EB8-EDE2635678A7}.Release|iPhone.ActiveCfg = Release|Any CPU
		{33F00D92-1BB2-4381-8EB8-EDE2635678A7}.Release|iPhone.Build.0 = Release|Any CPU
		{33F00D92-1BB2-4381-8EB8-EDE2635678A7}.Release|iPhone.Deploy.0 = Release|Any CPU
		{33F00D92-1BB2-4381-8EB8-EDE2635678A7}.Release|iPhoneSimulator.ActiveCfg = Release|Any CPU
		{33F00D92-1BB2-4381-8EB8-EDE2635678A7}.Release|iPhoneSimulator.Build.0 = Release|Any CPU
		{33F00D92-1BB2-4381-8EB8-EDE2635678A7}.Release|iPhoneSimulator.Deploy.0 = Release|Any CPU
		{99091963-61F4-48CA-A7E9-1E27FEC5424E}.Debug|Any CPU.ActiveCfg = Debug|iPhone
		{99091963-61F4-48CA-A7E9-1E27FEC5424E}.Debug|iPhone.ActiveCfg = Debug|iPhone
		{99091963-61F4-48CA-A7E9-1E27FEC5424E}.Debug|iPhone.Build.0 = Debug|iPhone
		{99091963-61F4-48CA-A7E9-1E27FEC5424E}.Debug|iPhoneSimulator.ActiveCfg = Debug|iPhoneSimulator
		{99091963-61F4-48CA-A7E9-1E27FEC5424E}.Debug|iPhoneSimulator.Build.0 = Debug|iPhoneSimulator
		{99091963-61F4-48CA-A7E9-1E27FEC5424E}.Release|Any CPU.ActiveCfg = Release|iPhone
		{99091963-61F4-48CA-A7E9-1E27FEC5424E}.Release|iPhone.ActiveCfg = Release|iPhone
		{99091963-61F4-48CA-A7E9-1E27FEC5424E}.Release|iPhone.Build.0 = Release|iPhone
		{99091963-61F4-48CA-A7E9-1E27FEC5424E}.Release|iPhoneSimulator.ActiveCfg = Release|iPhoneSimulator
		{99091963-61F4-48CA-A7E9-1E27FEC5424E}.Release|iPhoneSimulator.Build.0 = Release|iPhoneSimulator
		{14127817-F6E0-4FD1-AA8F-84E8E12AB34F}.Debug|Any CPU.ActiveCfg = Debug|Any CPU
		{14127817-F6E0-4FD1-AA8F-84E8E12AB34F}.Debug|Any CPU.Build.0 = Debug|Any CPU
		{14127817-F6E0-4FD1-AA8F-84E8E12AB34F}.Debug|iPhone.ActiveCfg = Debug|Any CPU
		{14127817-F6E0-4FD1-AA8F-84E8E12AB34F}.Debug|iPhone.Build.0 = Debug|Any CPU
		{14127817-F6E0-4FD1-AA8F-84E8E12AB34F}.Debug|iPhoneSimulator.ActiveCfg = Debug|Any CPU
		{14127817-F6E0-4FD1-AA8F-84E8E12AB34F}.Debug|iPhoneSimulator.Build.0 = Debug|Any CPU
		{14127817-F6E0-4FD1-AA8F-84E8E12AB34F}.Release|Any CPU.ActiveCfg = Release|Any CPU
		{14127817-F6E0-4FD1-AA8F-84E8E12AB34F}.Release|Any CPU.Build.0 = Release|Any CPU
		{14127817-F6E0-4FD1-AA8F-84E8E12AB34F}.Release|iPhone.ActiveCfg = Release|Any CPU
		{14127817-F6E0-4FD1-AA8F-84E8E12AB34F}.Release|iPhone.Build.0 = Release|Any CPU
		{14127817-F6E0-4FD1-AA8F-84E8E12AB34F}.Release|iPhoneSimulator.ActiveCfg = Release|Any CPU
		{14127817-F6E0-4FD1-AA8F-84E8E12AB34F}.Release|iPhoneSimulator.Build.0 = Release|Any CPU
		{63C28484-1E86-4368-80C7-40886CEDB278}.Debug|Any CPU.ActiveCfg = Debug|Any CPU
		{63C28484-1E86-4368-80C7-40886CEDB278}.Debug|Any CPU.Build.0 = Debug|Any CPU
		{63C28484-1E86-4368-80C7-40886CEDB278}.Debug|iPhone.ActiveCfg = Debug|Any CPU
		{63C28484-1E86-4368-80C7-40886CEDB278}.Debug|iPhone.Build.0 = Debug|Any CPU
		{63C28484-1E86-4368-80C7-40886CEDB278}.Debug|iPhoneSimulator.ActiveCfg = Debug|Any CPU
		{63C28484-1E86-4368-80C7-40886CEDB278}.Debug|iPhoneSimulator.Build.0 = Debug|Any CPU
		{63C28484-1E86-4368-80C7-40886CEDB278}.Release|Any CPU.ActiveCfg = Release|Any CPU
		{63C28484-1E86-4368-80C7-40886CEDB278}.Release|Any CPU.Build.0 = Release|Any CPU
		{63C28484-1E86-4368-80C7-40886CEDB278}.Release|iPhone.ActiveCfg = Release|Any CPU
		{63C28484-1E86-4368-80C7-40886CEDB278}.Release|iPhone.Build.0 = Release|Any CPU
		{63C28484-1E86-4368-80C7-40886CEDB278}.Release|iPhoneSimulator.ActiveCfg = Release|Any CPU
		{63C28484-1E86-4368-80C7-40886CEDB278}.Release|iPhoneSimulator.Build.0 = Release|Any CPU
	EndGlobalSection
	GlobalSection(SolutionProperties) = preSolution
		HideSolutionNode = FALSE
	EndGlobalSection
	GlobalSection(ExtensibilityGlobals) = postSolution
		SolutionGuid = {6345267B-FE55-4B4E-BEE7-AC17E60596E7}
	EndGlobalSection
EndGlobal
